
Microsoft Visual Studio Solution File, Format Version 12.00
# Visual Studio Version 17
VisualStudioVersion = 17.1.32228.430
MinimumVisualStudioVersion = 10.0.40219.1
Project("{9A19103F-16F7-4668-BE54-9A1E7A4F7556}") = "CMP1903M Assessment 1 Base Code", "ConsoleApp14\CMP1903M Assessment 1 Base Code.csproj", "{D7893F45-26A9-45E5-A31E-90AE6F97F286}"
EndProject
Global
	GlobalSection(SolutionConfigurationPlatforms) = preSolution
		Debug|Any CPU = Debug|Any CPU
		Release|Any CPU = Release|Any CPU
	EndGlobalSection
	GlobalSection(ProjectConfigurationPlatforms) = postSolution
		{D7893F45-26A9-45E5-A31E-90AE6F97F286}.Debug|Any CPU.ActiveCfg = Debug|Any CPU
		{D7893F45-26A9-45E5-A31E-90AE6F97F286}.Debug|Any CPU.Build.0 = Debug|Any CPU
		{D7893F45-26A9-45E5-A31E-90AE6F97F286}.Release|Any CPU.ActiveCfg = Release|Any CPU
		{D7893F45-26A9-45E5-A31E-90AE6F97F286}.Release|Any CPU.Build.0 = Release|Any CPU
	EndGlobalSection
	GlobalSection(SolutionProperties) = preSolution
		HideSolutionNode = FALSE
	EndGlobalSection
	GlobalSection(ExtensibilityGlobals) = postSolution
		SolutionGuid = {BCBDEA90-B381-4372-B587-691DBFCE9130}
	EndGlobalSection
EndGlobal
